<?xml version="1.0" encoding="UTF-8" standalone="yes" ?>
<CodeBlocks_project_file>
	<FileVersion major="1" minor="6" />
	<Project>
		<Option title="spacenet" />
		<Option pch_mode="2" />
		<Option compiler="gcc" />
		<Build>
			<Target title="dbg">
				<Option output="bin/dbg/spacenet" prefix_auto="1" extension_auto="1" />
				<Option object_output="obj/dbg/" />
				<Option type="1" />
				<Option compiler="gcc" />
				<Compiler>
					<Add option="-g" />
				</Compiler>
			</Target>
			<Target title="rel">
				<Option output="bin/spacenet" prefix_auto="1" extension_auto="1" />
				<Option object_output="obj/" />
				<Option type="1" />
				<Option compiler="gcc" />
				<Compiler>
					<Add option="-fomit-frame-pointer" />
					<Add option="-fexpensive-optimizations" />
					<Add option="-flto" />
					<Add option="-O3" />
				</Compiler>
				<Linker>
					<Add option="-flto" />
					<Add option="-s" />
				</Linker>
			</Target>
		</Build>
		<Compiler>
			<Add option="-Wfatal-errors" />
			<Add option="-Wextra" />
			<Add option="-Wall" />
			<Add option="-std=c++1z" />
			<Add option="-fPIC" />
			<Add option="-fexceptions" />
			<Add directory="include" />
		</Compiler>
		<Unit filename="include/config.h" />
		<Unit filename="include/indexer.hpp" />
		<Unit filename="include/locale_traits.hpp" />
		<Unit filename="include/scope_exit.hpp" />
		<Unit filename="include/std_ext.hpp" />
		<Unit filename="include/version.h" />
		<Unit filename="src/indexer.cpp" />
		<Unit filename="src/main.cpp" />
		<Unit filename="tests/indexer.cpp" />
		<Unit filename="tests/locale_traits.cpp" />
		<Extensions>
			<code_completion />
			<envvars />
			<lib_finder disable_auto="1" />
			<debugger />
			<AutoVersioning>
				<Scheme minor_max="10" build_max="0" rev_max="0" rev_rand_max="10" build_times_to_increment_minor="100" />
				<Settings autoincrement="1" date_declarations="1" use_define="0" update_manifest="0" do_auto_increment="0" ask_to_increment="0" language="C++" svn="0" svn_directory="" header_path="include/version.h" />
				<Changes_Log show_changes_editor="0" app_title="released version %M.%m.%b of %p" changeslog_path="ChangesLog.txt" />
				<Code header_guard="VERSION_H_INCLUDED" namespace="spacenet" prefix="VERSION" />
			</AutoVersioning>
		</Extensions>
	</Project>
</CodeBlocks_project_file>
